{
  "name": "hallo",
  "version": "1.0.0",
  "lockfileVersion": 3,
  "requires": true,
  "packages": {
    "": {
      "name": "hallo",
      "version": "1.0.0",
      "license": "ISC",
      "dependencies": {
        "dotenv": "^16.4.5",
        "node-fecth": "^0.0.1-security"
      }
    },
    "node_modules/dotenv": {
      "version": "16.4.5",
      "resolved": "https://registry.npmjs.org/dotenv/-/dotenv-16.4.5.tgz",
      "integrity": "sha512-ZmdL2rui+eB2YwhsWzjInR8LldtZHGDoQ1ugH85ppHKwpUHL7j7rN0Ti9NCnGiQbhaZ11FpR+7ao1dNsmduNUg==",
      "license": "BSD-2-Clause",
      "engines": {
        "node": ">=12"
      },
      "funding": {
        "url": "https://dotenvx.com"
      }
    },
    "node_modules/node-fecth": {
      "version": "0.0.1-security",
      "resolved": "https://registry.npmjs.org/node-fecth/-/node-fecth-0.0.1-security.tgz",
      "integrity": "sha512-7YRxL4a1aV2Up7f7pxaQU70wNXpA2X5IRyiMRB0OreG2jhLH3C4olv6t5sEExEX4kOeq4181wwFegDmNAlfQPg=="
    }
  }
}
